{
  "lockfileVersion": 2,
  "requires": true,
  "packages": {
    "../link-package": {
      "name": "link-package",
      "version": "0.1.0",
      "license": "MIT",
      "dependencies": {
        "is-array": "^1.0.1"
      }
    },
    "node_modules/link-package": {
      "resolved": "../link-package",
      "link": true
    }
  },
  "dependencies": {
    "link-package": {
      "version": "file:../link-package"
    }
  }
}
